
Microsoft Visual Studio Solution File, Format Version 12.00
# Visual Studio Version 17
VisualStudioVersion = 17.3.32929.385
MinimumVisualStudioVersion = 10.0.40219.1
Project("{FAE04EC0-301F-11D3-BF4B-00C04F79EFBC}") = "MvcMovieV2", "MvcMovieV2\MvcMovieV2.csproj", "{430EFA5A-88EB-45E1-AC63-4C6DFB8569CC}"
EndProject
Global
	GlobalSection(SolutionConfigurationPlatforms) = preSolution
		Debug|Any CPU = Debug|Any CPU
		Release|Any CPU = Release|Any CPU
	EndGlobalSection
	GlobalSection(ProjectConfigurationPlatforms) = postSolution
		{430EFA5A-88EB-45E1-AC63-4C6DFB8569CC}.Debug|Any CPU.ActiveCfg = Debug|Any CPU
		{430EFA5A-88EB-45E1-AC63-4C6DFB8569CC}.Debug|Any CPU.Build.0 = Debug|Any CPU
		{430EFA5A-88EB-45E1-AC63-4C6DFB8569CC}.Release|Any CPU.ActiveCfg = Release|Any CPU
		{430EFA5A-88EB-45E1-AC63-4C6DFB8569CC}.Release|Any CPU.Build.0 = Release|Any CPU
	EndGlobalSection
	GlobalSection(SolutionProperties) = preSolution
		HideSolutionNode = FALSE
	EndGlobalSection
	GlobalSection(ExtensibilityGlobals) = postSolution
		SolutionGuid = {0BC4DD39-E210-4E67-8C30-6D6528C8D805}
	EndGlobalSection
EndGlobal
